
Microsoft Visual Studio Solution File, Format Version 12.00
# Visual Studio Version 17
VisualStudioVersion = 17.4.33213.308
MinimumVisualStudioVersion = 10.0.40219.1
Project("{FAE04EC0-301F-11D3-BF4B-00C04F79EFBC}") = "HW-DotNet48", "HW-DotNet48\HW-DotNet48.csproj", "{FFDB920C-8587-412F-B074-54A8E4AB323F}"
EndProject
Global
	GlobalSection(SolutionConfigurationPlatforms) = preSolution
		Debug|Any CPU = Debug|Any CPU
		Release|Any CPU = Release|Any CPU
	EndGlobalSection
	GlobalSection(ProjectConfigurationPlatforms) = postSolution
		{FFDB920C-8587-412F-B074-54A8E4AB323F}.Debug|Any CPU.ActiveCfg = Debug|Any CPU
		{FFDB920C-8587-412F-B074-54A8E4AB323F}.Debug|Any CPU.Build.0 = Debug|Any CPU
		{FFDB920C-8587-412F-B074-54A8E4AB323F}.Release|Any CPU.ActiveCfg = Release|Any CPU
		{FFDB920C-8587-412F-B074-54A8E4AB323F}.Release|Any CPU.Build.0 = Release|Any CPU
	EndGlobalSection
	GlobalSection(SolutionProperties) = preSolution
		HideSolutionNode = FALSE
	EndGlobalSection
	GlobalSection(ExtensibilityGlobals) = postSolution
		SolutionGuid = {F7F7BF77-B82D-43C4-8CC1-5C48AFD68596}
	EndGlobalSection
EndGlobal
